
Microsoft Visual Studio Solution File, Format Version 12.00
# Visual Studio Version 16
VisualStudioVersion = 16.0.29709.97
MinimumVisualStudioVersion = 10.0.40219.1
Project("{FAE04EC0-301F-11D3-BF4B-00C04F79EFBC}") = "CourseLibrary.API", "CourseLibrary.API\CourseLibrary.API.csproj", "{AE31833A-9062-4A4C-B1DE-B2B4EFBA5499}"
EndProject
Global
	GlobalSection(SolutionConfigurationPlatforms) = preSolution
		Debug|Any CPU = Debug|Any CPU
		Release|Any CPU = Release|Any CPU
	EndGlobalSection
	GlobalSection(ProjectConfigurationPlatforms) = postSolution
		{AE31833A-9062-4A4C-B1DE-B2B4EFBA5499}.Debug|Any CPU.ActiveCfg = Debug|Any CPU
		{AE31833A-9062-4A4C-B1DE-B2B4EFBA5499}.Debug|Any CPU.Build.0 = Debug|Any CPU
		{AE31833A-9062-4A4C-B1DE-B2B4EFBA5499}.Release|Any CPU.ActiveCfg = Release|Any CPU
		{AE31833A-9062-4A4C-B1DE-B2B4EFBA5499}.Release|Any CPU.Build.0 = Release|Any CPU
	EndGlobalSection
	GlobalSection(SolutionProperties) = preSolution
		HideSolutionNode = FALSE
	EndGlobalSection
	GlobalSection(ExtensibilityGlobals) = postSolution
		SolutionGuid = {3E8B1F66-947B-4C22-942C-511C92B84ECD}
	EndGlobalSection
EndGlobal
